
Microsoft Visual Studio Solution File, Format Version 12.00
# Visual Studio Version 16
VisualStudioVersion = 16.0.29009.5
MinimumVisualStudioVersion = 10.0.40219.1
Project("{FAE04EC0-301F-11D3-BF4B-00C04F79EFBC}") = "LabSheet3Q1", "LabSheet3Q1\LabSheet3Q1.csproj", "{EBA77297-4F13-40AF-8740-DF6689F681EC}"
EndProject
Project("{FAE04EC0-301F-11D3-BF4B-00C04F79EFBC}") = "LabSheet3Q2", "LabSheet3Q2\LabSheet3Q2.csproj", "{04945F99-3268-4CB1-98D1-88F975C66742}"
EndProject
Project("{FAE04EC0-301F-11D3-BF4B-00C04F79EFBC}") = "LabSheet3Q3", "LabSheet3Q3\LabSheet3Q3.csproj", "{46A67A9F-84D5-442D-B163-CEF2BC7BBF7F}"
EndProject
Global
	GlobalSection(SolutionConfigurationPlatforms) = preSolution
		Debug|Any CPU = Debug|Any CPU
		Release|Any CPU = Release|Any CPU
	EndGlobalSection
	GlobalSection(ProjectConfigurationPlatforms) = postSolution
		{EBA77297-4F13-40AF-8740-DF6689F681EC}.Debug|Any CPU.ActiveCfg = Debug|Any CPU
		{EBA77297-4F13-40AF-8740-DF6689F681EC}.Debug|Any CPU.Build.0 = Debug|Any CPU
		{EBA77297-4F13-40AF-8740-DF6689F681EC}.Release|Any CPU.ActiveCfg = Release|Any CPU
		{EBA77297-4F13-40AF-8740-DF6689F681EC}.Release|Any CPU.Build.0 = Release|Any CPU
		{04945F99-3268-4CB1-98D1-88F975C66742}.Debug|Any CPU.ActiveCfg = Debug|Any CPU
		{04945F99-3268-4CB1-98D1-88F975C66742}.Debug|Any CPU.Build.0 = Debug|Any CPU
		{04945F99-3268-4CB1-98D1-88F975C66742}.Release|Any CPU.ActiveCfg = Release|Any CPU
		{04945F99-3268-4CB1-98D1-88F975C66742}.Release|Any CPU.Build.0 = Release|Any CPU
		{46A67A9F-84D5-442D-B163-CEF2BC7BBF7F}.Debug|Any CPU.ActiveCfg = Debug|Any CPU
		{46A67A9F-84D5-442D-B163-CEF2BC7BBF7F}.Debug|Any CPU.Build.0 = Debug|Any CPU
		{46A67A9F-84D5-442D-B163-CEF2BC7BBF7F}.Release|Any CPU.ActiveCfg = Release|Any CPU
		{46A67A9F-84D5-442D-B163-CEF2BC7BBF7F}.Release|Any CPU.Build.0 = Release|Any CPU
	EndGlobalSection
	GlobalSection(SolutionProperties) = preSolution
		HideSolutionNode = FALSE
	EndGlobalSection
	GlobalSection(ExtensibilityGlobals) = postSolution
		SolutionGuid = {241C8D4D-063D-4757-8A76-0C3D4F650B33}
	EndGlobalSection
EndGlobal
